// !$*UTF8*$!
{
	archiveVersion = 1;
	classes = {
	};
	objectVersion = 55;
	objects = {

/* Begin PBXBuildFile section */
		15CC93FA285A58F90046F6C6 /* Alamofire in Frameworks */ = {isa = PBXBuildFile; productRef = 15CC93F9285A58F90046F6C6 /* Alamofire */; };
		6B1660D2B114FF39F5C62D59 /* MovieWeb.swift in Sources */ = {isa = PBXBuildFile; fileRef = 6B1663167471373C95E7A16F /* MovieWeb.swift */; };
		6B166125937CFC4B32DBED63 /* WebServiceProtocol.swift in Sources */ = {isa = PBXBuildFile; fileRef = 6B1663EF35360229B5D14EE4 /* WebServiceProtocol.swift */; };
		6B1661833316167F4B97D725 /* PopularMovieWebResponse.swift in Sources */ = {isa = PBXBuildFile; fileRef = 6B166E99824EF583A70D8DCE /* PopularMovieWebResponse.swift */; };
		6B1661A4EF4BED9F91EE9630 /* MoviesWebProtocol.swift in Sources */ = {isa = PBXBuildFile; fileRef = 6B16678C8242C91BF91A0E89 /* MoviesWebProtocol.swift */; };
		6B1662BF8C903290102C6D13 /* MoviesMemoryDAO.swift in Sources */ = {isa = PBXBuildFile; fileRef = 6B166005B5CAFDA07CFFE381 /* MoviesMemoryDAO.swift */; };
		6B16631835B425C2B2272DDD /* CancelBag.swift in Sources */ = {isa = PBXBuildFile; fileRef = 6B166101B3F3ECCCF518064D /* CancelBag.swift */; };
		6B1663B636CB0578C44F6BA3 /* DIContainer.swift in Sources */ = {isa = PBXBuildFile; fileRef = 6B16609DA564A4FB41CFAEFB /* DIContainer.swift */; };
		6B1663CF1A3FB52AA7C056B4 /* GenresResponse.swift in Sources */ = {isa = PBXBuildFile; fileRef = 6B166B59B0CE99E4EB21A511 /* GenresResponse.swift */; };
		6B1665D6A3F9CE79C09D1222 /* AsnycImageView.swift in Sources */ = {isa = PBXBuildFile; fileRef = 6B166954A081192C1C8A4082 /* AsnycImageView.swift */; };
		6B16663D7C3D391C2D7DD5F3 /* WebService.swift in Sources */ = {isa = PBXBuildFile; fileRef = 6B166B4B8139C26AF99D7963 /* WebService.swift */; };
		6B1668A07672442A6A53BFB2 /* Genre.swift in Sources */ = {isa = PBXBuildFile; fileRef = 6B166A7C5451673A84F45105 /* Genre.swift */; };
		6B1668A3F3EA6AE352600F68 /* MoviesRepository.swift in Sources */ = {isa = PBXBuildFile; fileRef = 6B16638887D489D13733FEC8 /* MoviesRepository.swift */; };
		6B166A85346882AF6442DF58 /* WebRequest.swift in Sources */ = {isa = PBXBuildFile; fileRef = 6B1668D2FB47853AA5690E10 /* WebRequest.swift */; };
		6B166B1D607F419FE48B8740 /* MovieListItemView.swift in Sources */ = {isa = PBXBuildFile; fileRef = 6B166CE92C6B551CCC2D9BD0 /* MovieListItemView.swift */; };
		6B166BC225F2E549865D3D22 /* MemoryStore.swift in Sources */ = {isa = PBXBuildFile; fileRef = 6B1660FCF0252CFFAACC12C1 /* MemoryStore.swift */; };
		6B166C28439DD9BB7A8A0945 /* APIkey.swift in Sources */ = {isa = PBXBuildFile; fileRef = 6B16654B9D4D93912155B7C1 /* APIkey.swift */; };
		6B166C97B0AADA71FBBA491F /* Image.swift in Sources */ = {isa = PBXBuildFile; fileRef = 6B166374E24D49B59129E78A /* Image.swift */; };
		6B166D0AC4D66F3D24BC5622 /* DIContainerProtocol.swift in Sources */ = {isa = PBXBuildFile; fileRef = 6B1667DE5461B673D900C2DA /* DIContainerProtocol.swift */; };
		6B166E0C17D08C06C42980A6 /* Movie.swift in Sources */ = {isa = PBXBuildFile; fileRef = 6B1667BB81D5407C4D1FDE68 /* Movie.swift */; };
		6B166E2E4546A439E9983D33 /* MoviesMemoryProtocol.swift in Sources */ = {isa = PBXBuildFile; fileRef = 6B1663BC7C15F061027E6B65 /* MoviesMemoryProtocol.swift */; };
		6B166E728AA4AC49F27A75C7 /* MoviesRepositoryProtocol.swift in Sources */ = {isa = PBXBuildFile; fileRef = 6B1666541F08D322BB368016 /* MoviesRepositoryProtocol.swift */; };
		6B166EA6C5F479EEB27B83B6 /* MoviesWebServiceDAO.swift in Sources */ = {isa = PBXBuildFile; fileRef = 6B166495907922DF6A0C8FC2 /* MoviesWebServiceDAO.swift */; };
		9F477C0C27BA5CF800DAE295 /* MoviesApp.swift in Sources */ = {isa = PBXBuildFile; fileRef = 9F477C0B27BA5CF800DAE295 /* MoviesApp.swift */; };
		9F477C0E27BA5CF800DAE295 /* MoviesScreen.swift in Sources */ = {isa = PBXBuildFile; fileRef = 9F477C0D27BA5CF800DAE295 /* MoviesScreen.swift */; };
		9F477C1027BA5CF900DAE295 /* Assets.xcassets in Resources */ = {isa = PBXBuildFile; fileRef = 9F477C0F27BA5CF900DAE295 /* Assets.xcassets */; };
		9F477C1327BA5CF900DAE295 /* Preview Assets.xcassets in Resources */ = {isa = PBXBuildFile; fileRef = 9F477C1227BA5CF900DAE295 /* Preview Assets.xcassets */; };
		9FB3BA1827BAAF58002CD259 /* MoviesScreenViewModel.swift in Sources */ = {isa = PBXBuildFile; fileRef = 9FB3BA1727BAAF58002CD259 /* MoviesScreenViewModel.swift */; };
		9FB3BA1A27BAB8D4002CD259 /* PreviewMovies.swift in Sources */ = {isa = PBXBuildFile; fileRef = 9FB3BA1927BAB8D4002CD259 /* PreviewMovies.swift */; };
		9FB3BA1C27BAB91E002CD259 /* MockViewModels.swift in Sources */ = {isa = PBXBuildFile; fileRef = 9FB3BA1B27BAB91E002CD259 /* MockViewModels.swift */; };
		9FB3BA1E27BAB9C3002CD259 /* MovieDetailsScreen.swift in Sources */ = {isa = PBXBuildFile; fileRef = 9FB3BA1D27BAB9C3002CD259 /* MovieDetailsScreen.swift */; };
		9FB3BA2027BABE4E002CD259 /* MovieDetailsScreenViewModel.swift in Sources */ = {isa = PBXBuildFile; fileRef = 9FB3BA1F27BABE4E002CD259 /* MovieDetailsScreenViewModel.swift */; };
/* End PBXBuildFile section */

/* Begin PBXFileReference section */
		6B166005B5CAFDA07CFFE381 /* MoviesMemoryDAO.swift */ = {isa = PBXFileReference; fileEncoding = 4; lastKnownFileType = sourcecode.swift; path = MoviesMemoryDAO.swift; sourceTree = "<group>"; };
		6B16609DA564A4FB41CFAEFB /* DIContainer.swift */ = {isa = PBXFileReference; fileEncoding = 4; lastKnownFileType = sourcecode.swift; path = DIContainer.swift; sourceTree = "<group>"; };
		6B1660FCF0252CFFAACC12C1 /* MemoryStore.swift */ = {isa = PBXFileReference; fileEncoding = 4; lastKnownFileType = sourcecode.swift; path = MemoryStore.swift; sourceTree = "<group>"; };
		6B166101B3F3ECCCF518064D /* CancelBag.swift */ = {isa = PBXFileReference; fileEncoding = 4; lastKnownFileType = sourcecode.swift; path = CancelBag.swift; sourceTree = "<group>"; };
		6B1663167471373C95E7A16F /* MovieWeb.swift */ = {isa = PBXFileReference; fileEncoding = 4; lastKnownFileType = sourcecode.swift; path = MovieWeb.swift; sourceTree = "<group>"; };
		6B166374E24D49B59129E78A /* Image.swift */ = {isa = PBXFileReference; fileEncoding = 4; lastKnownFileType = sourcecode.swift; path = Image.swift; sourceTree = "<group>"; };
		6B16638887D489D13733FEC8 /* MoviesRepository.swift */ = {isa = PBXFileReference; fileEncoding = 4; lastKnownFileType = sourcecode.swift; path = MoviesRepository.swift; sourceTree = "<group>"; };
		6B1663BC7C15F061027E6B65 /* MoviesMemoryProtocol.swift */ = {isa = PBXFileReference; fileEncoding = 4; lastKnownFileType = sourcecode.swift; path = MoviesMemoryProtocol.swift; sourceTree = "<group>"; };
		6B1663EF35360229B5D14EE4 /* WebServiceProtocol.swift */ = {isa = PBXFileReference; fileEncoding = 4; lastKnownFileType = sourcecode.swift; path = WebServiceProtocol.swift; sourceTree = "<group>"; };
		6B166495907922DF6A0C8FC2 /* MoviesWebServiceDAO.swift */ = {isa = PBXFileReference; fileEncoding = 4; lastKnownFileType = sourcecode.swift; path = MoviesWebServiceDAO.swift; sourceTree = "<group>"; };
		6B16654B9D4D93912155B7C1 /* APIkey.swift */ = {isa = PBXFileReference; fileEncoding = 4; lastKnownFileType = sourcecode.swift; path = APIkey.swift; sourceTree = "<group>"; };
		6B1666541F08D322BB368016 /* MoviesRepositoryProtocol.swift */ = {isa = PBXFileReference; fileEncoding = 4; lastKnownFileType = sourcecode.swift; path = MoviesRepositoryProtocol.swift; sourceTree = "<group>"; };
		6B16678C8242C91BF91A0E89 /* MoviesWebProtocol.swift */ = {isa = PBXFileReference; fileEncoding = 4; lastKnownFileType = sourcecode.swift; path = MoviesWebProtocol.swift; sourceTree = "<group>"; };
		6B1667BB81D5407C4D1FDE68 /* Movie.swift */ = {isa = PBXFileReference; fileEncoding = 4; lastKnownFileType = sourcecode.swift; path = Movie.swift; sourceTree = "<group>"; };
		6B1667DE5461B673D900C2DA /* DIContainerProtocol.swift */ = {isa = PBXFileReference; fileEncoding = 4; lastKnownFileType = sourcecode.swift; path = DIContainerProtocol.swift; sourceTree = "<group>"; };
		6B1668D2FB47853AA5690E10 /* WebRequest.swift */ = {isa = PBXFileReference; fileEncoding = 4; lastKnownFileType = sourcecode.swift; path = WebRequest.swift; sourceTree = "<group>"; };
		6B166954A081192C1C8A4082 /* AsnycImageView.swift */ = {isa = PBXFileReference; fileEncoding = 4; lastKnownFileType = sourcecode.swift; path = AsnycImageView.swift; sourceTree = "<group>"; };
		6B166A7C5451673A84F45105 /* Genre.swift */ = {isa = PBXFileReference; fileEncoding = 4; lastKnownFileType = sourcecode.swift; path = Genre.swift; sourceTree = "<group>"; };
		6B166B4B8139C26AF99D7963 /* WebService.swift */ = {isa = PBXFileReference; fileEncoding = 4; lastKnownFileType = sourcecode.swift; path = WebService.swift; sourceTree = "<group>"; };
		6B166B59B0CE99E4EB21A511 /* GenresResponse.swift */ = {isa = PBXFileReference; fileEncoding = 4; lastKnownFileType = sourcecode.swift; path = GenresResponse.swift; sourceTree = "<group>"; };
		6B166CE92C6B551CCC2D9BD0 /* MovieListItemView.swift */ = {isa = PBXFileReference; fileEncoding = 4; lastKnownFileType = sourcecode.swift; path = MovieListItemView.swift; sourceTree = "<group>"; };
		6B166E99824EF583A70D8DCE /* PopularMovieWebResponse.swift */ = {isa = PBXFileReference; fileEncoding = 4; lastKnownFileType = sourcecode.swift; path = PopularMovieWebResponse.swift; sourceTree = "<group>"; };
		9F477C0827BA5CF800DAE295 /* Movies.app */ = {isa = PBXFileReference; explicitFileType = wrapper.application; includeInIndex = 0; path = Movies.app; sourceTree = BUILT_PRODUCTS_DIR; };
		9F477C0B27BA5CF800DAE295 /* MoviesApp.swift */ = {isa = PBXFileReference; lastKnownFileType = sourcecode.swift; path = MoviesApp.swift; sourceTree = "<group>"; };
		9F477C0D27BA5CF800DAE295 /* MoviesScreen.swift */ = {isa = PBXFileReference; lastKnownFileType = sourcecode.swift; path = MoviesScreen.swift; sourceTree = "<group>"; };
		9F477C0F27BA5CF900DAE295 /* Assets.xcassets */ = {isa = PBXFileReference; lastKnownFileType = folder.assetcatalog; path = Assets.xcassets; sourceTree = "<group>"; };
		9F477C1227BA5CF900DAE295 /* Preview Assets.xcassets */ = {isa = PBXFileReference; lastKnownFileType = folder.assetcatalog; path = "Preview Assets.xcassets"; sourceTree = "<group>"; };
		9FB3BA1727BAAF58002CD259 /* MoviesScreenViewModel.swift */ = {isa = PBXFileReference; lastKnownFileType = sourcecode.swift; path = MoviesScreenViewModel.swift; sourceTree = "<group>"; };
		9FB3BA1927BAB8D4002CD259 /* PreviewMovies.swift */ = {isa = PBXFileReference; lastKnownFileType = sourcecode.swift; path = PreviewMovies.swift; sourceTree = "<group>"; };
		9FB3BA1B27BAB91E002CD259 /* MockViewModels.swift */ = {isa = PBXFileReference; lastKnownFileType = sourcecode.swift; path = MockViewModels.swift; sourceTree = "<group>"; };
		9FB3BA1D27BAB9C3002CD259 /* MovieDetailsScreen.swift */ = {isa = PBXFileReference; lastKnownFileType = sourcecode.swift; path = MovieDetailsScreen.swift; sourceTree = "<group>"; };
		9FB3BA1F27BABE4E002CD259 /* MovieDetailsScreenViewModel.swift */ = {isa = PBXFileReference; lastKnownFileType = sourcecode.swift; path = MovieDetailsScreenViewModel.swift; sourceTree = "<group>"; };
/* End PBXFileReference section */

/* Begin PBXFrameworksBuildPhase section */
		9F477C0527BA5CF800DAE295 /* Frameworks */ = {
			isa = PBXFrameworksBuildPhase;
			buildActionMask = 2147483647;
			files = (
				15CC93FA285A58F90046F6C6 /* Alamofire in Frameworks */,
			);
			runOnlyForDeploymentPostprocessing = 0;
		};
/* End PBXFrameworksBuildPhase section */

/* Begin PBXGroup section */
		6B16632D13C30839D4D1B6FF /* DTO */ = {
			isa = PBXGroup;
			children = (
				6B166A7C5451673A84F45105 /* Genre.swift */,
				6B166374E24D49B59129E78A /* Image.swift */,
				6B1667BB81D5407C4D1FDE68 /* Movie.swift */,
			);
			path = DTO;
			sourceTree = "<group>";
		};
		6B16639734E62E2450AFAD8F /* Model */ = {
			isa = PBXGroup;
			children = (
				6B166B59B0CE99E4EB21A511 /* GenresResponse.swift */,
				6B1663167471373C95E7A16F /* MovieWeb.swift */,
				6B166E99824EF583A70D8DCE /* PopularMovieWebResponse.swift */,
			);
			path = Model;
			sourceTree = "<group>";
		};
		6B16650BB410C79934A839C7 /* Web */ = {
			isa = PBXGroup;
			children = (
				6B16639734E62E2450AFAD8F /* Model */,
				6B16654B9D4D93912155B7C1 /* APIkey.swift */,
				6B1668D2FB47853AA5690E10 /* WebRequest.swift */,
				6B166B4B8139C26AF99D7963 /* WebService.swift */,
				6B1663EF35360229B5D14EE4 /* WebServiceProtocol.swift */,
			);
			path = Web;
			sourceTree = "<group>";
		};
		6B1667A79D145633026B41A4 /* Views */ = {
			isa = PBXGroup;
			children = (
				6B166954A081192C1C8A4082 /* AsnycImageView.swift */,
				6B166CE92C6B551CCC2D9BD0 /* MovieListItemView.swift */,
			);
			path = Views;
			sourceTree = "<group>";
		};
		6B166946EEC569A68B7D984D /* Services */ = {
			isa = PBXGroup;
			children = (
				6B16650BB410C79934A839C7 /* Web */,
			);
			path = Services;
			sourceTree = "<group>";
		};
		6B166A11EE25E32F1207455F /* MoviesProtocol */ = {
			isa = PBXGroup;
			children = (
				6B166005B5CAFDA07CFFE381 /* MoviesMemoryDAO.swift */,
				6B1663BC7C15F061027E6B65 /* MoviesMemoryProtocol.swift */,
				6B16638887D489D13733FEC8 /* MoviesRepository.swift */,
				6B1666541F08D322BB368016 /* MoviesRepositoryProtocol.swift */,
				6B16678C8242C91BF91A0E89 /* MoviesWebProtocol.swift */,
				6B166495907922DF6A0C8FC2 /* MoviesWebServiceDAO.swift */,
			);
			path = MoviesProtocol;
			sourceTree = "<group>";
		};
		6B166B09FA93642369D91B7F /* DAO */ = {
			isa = PBXGroup;
			children = (
				6B166A11EE25E32F1207455F /* MoviesProtocol */,
			);
			path = DAO;
			sourceTree = "<group>";
		};
		6B166C26DAF087C4931E2D60 /* Utilities */ = {
			isa = PBXGroup;
			children = (
				6B166101B3F3ECCCF518064D /* CancelBag.swift */,
			);
			path = Utilities;
			sourceTree = "<group>";
		};
		6B166D79FAC87627752ECD2C /* Models */ = {
			isa = PBXGroup;
			children = (
				6B166B09FA93642369D91B7F /* DAO */,
				6B16632D13C30839D4D1B6FF /* DTO */,
			);
			path = Models;
			sourceTree = "<group>";
		};
		9F477BFF27BA5CF800DAE295 = {
			isa = PBXGroup;
			children = (
				9F477C0A27BA5CF800DAE295 /* Movies */,
				9F477C0927BA5CF800DAE295 /* Products */,
			);
			sourceTree = "<group>";
		};
		9F477C0927BA5CF800DAE295 /* Products */ = {
			isa = PBXGroup;
			children = (
				9F477C0827BA5CF800DAE295 /* Movies.app */,
			);
			name = Products;
			sourceTree = "<group>";
		};
		9F477C0A27BA5CF800DAE295 /* Movies */ = {
			isa = PBXGroup;
			children = (
				6B166D79FAC87627752ECD2C /* Models */,
				9F477C1127BA5CF900DAE295 /* Preview Content */,
				9FB3BA1327BAAEE4002CD259 /* Screens */,
				6B166946EEC569A68B7D984D /* Services */,
				6B166C26DAF087C4931E2D60 /* Utilities */,
				6B1667A79D145633026B41A4 /* Views */,
				6B16609DA564A4FB41CFAEFB /* DIContainer.swift */,
				6B1667DE5461B673D900C2DA /* DIContainerProtocol.swift */,
				6B1660FCF0252CFFAACC12C1 /* MemoryStore.swift */,
				9F477C0B27BA5CF800DAE295 /* MoviesApp.swift */,
				9F477C0F27BA5CF900DAE295 /* Assets.xcassets */,
			);
			path = Movies;
			sourceTree = "<group>";
		};
		9F477C1127BA5CF900DAE295 /* Preview Content */ = {
			isa = PBXGroup;
			children = (
				9F477C1227BA5CF900DAE295 /* Preview Assets.xcassets */,
				9FB3BA1927BAB8D4002CD259 /* PreviewMovies.swift */,
				9FB3BA1B27BAB91E002CD259 /* MockViewModels.swift */,
			);
			path = "Preview Content";
			sourceTree = "<group>";
		};
		9FB3BA1327BAAEE4002CD259 /* Screens */ = {
			isa = PBXGroup;
			children = (
				9FB3BA1527BAAF01002CD259 /* MovieDetails */,
				9FB3BA1427BAAEF6002CD259 /* MovieList */,
			);
			path = Screens;
			sourceTree = "<group>";
		};
		9FB3BA1427BAAEF6002CD259 /* MovieList */ = {
			isa = PBXGroup;
			children = (
				9F477C0D27BA5CF800DAE295 /* MoviesScreen.swift */,
				9FB3BA1727BAAF58002CD259 /* MoviesScreenViewModel.swift */,
			);
			path = MovieList;
			sourceTree = "<group>";
		};
		9FB3BA1527BAAF01002CD259 /* MovieDetails */ = {
			isa = PBXGroup;
			children = (
				9FB3BA1D27BAB9C3002CD259 /* MovieDetailsScreen.swift */,
				9FB3BA1F27BABE4E002CD259 /* MovieDetailsScreenViewModel.swift */,
			);
			path = MovieDetails;
			sourceTree = "<group>";
		};
/* End PBXGroup section */

/* Begin PBXNativeTarget section */
		9F477C0727BA5CF800DAE295 /* Movies */ = {
			isa = PBXNativeTarget;
			buildConfigurationList = 9F477C1627BA5CF900DAE295 /* Build configuration list for PBXNativeTarget "Movies" */;
			buildPhases = (
				9F477C0427BA5CF800DAE295 /* Sources */,
				9F477C0527BA5CF800DAE295 /* Frameworks */,
				9F477C0627BA5CF800DAE295 /* Resources */,
			);
			buildRules = (
			);
			dependencies = (
			);
			name = Movies;
			packageProductDependencies = (
				15CC93F9285A58F90046F6C6 /* Alamofire */,
			);
			productName = Movies;
			productReference = 9F477C0827BA5CF800DAE295 /* Movies.app */;
			productType = "com.apple.product-type.application";
		};
/* End PBXNativeTarget section */

/* Begin PBXProject section */
		9F477C0027BA5CF800DAE295 /* Project object */ = {
			isa = PBXProject;
			attributes = {
				BuildIndependentTargetsInParallel = 1;
				LastSwiftUpdateCheck = 1320;
				LastUpgradeCheck = 1320;
				TargetAttributes = {
					9F477C0727BA5CF800DAE295 = {
						CreatedOnToolsVersion = 13.2;
					};
				};
			};
			buildConfigurationList = 9F477C0327BA5CF800DAE295 /* Build configuration list for PBXProject "Movies" */;
			compatibilityVersion = "Xcode 13.0";
			developmentRegion = en;
			hasScannedForEncodings = 0;
			knownRegions = (
				en,
				Base,
			);
			mainGroup = 9F477BFF27BA5CF800DAE295;
			packageReferences = (
				15CC93F8285A58F90046F6C6 /* XCRemoteSwiftPackageReference "Alamofire" */,
			);
			productRefGroup = 9F477C0927BA5CF800DAE295 /* Products */;
			projectDirPath = "";
			projectRoot = "";
			targets = (
				9F477C0727BA5CF800DAE295 /* Movies */,
			);
		};
/* End PBXProject section */

/* Begin PBXResourcesBuildPhase section */
		9F477C0627BA5CF800DAE295 /* Resources */ = {
			isa = PBXResourcesBuildPhase;
			buildActionMask = 2147483647;
			files = (
				9F477C1327BA5CF900DAE295 /* Preview Assets.xcassets in Resources */,
				9F477C1027BA5CF900DAE295 /* Assets.xcassets in Resources */,
			);
			runOnlyForDeploymentPostprocessing = 0;
		};
/* End PBXResourcesBuildPhase section */

/* Begin PBXSourcesBuildPhase section */
		9F477C0427BA5CF800DAE295 /* Sources */ = {
			isa = PBXSourcesBuildPhase;
			buildActionMask = 2147483647;
			files = (
				9FB3BA1E27BAB9C3002CD259 /* MovieDetailsScreen.swift in Sources */,
				9FB3BA1A27BAB8D4002CD259 /* PreviewMovies.swift in Sources */,
				9FB3BA1C27BAB91E002CD259 /* MockViewModels.swift in Sources */,
				9FB3BA2027BABE4E002CD259 /* MovieDetailsScreenViewModel.swift in Sources */,
				9F477C0E27BA5CF800DAE295 /* MoviesScreen.swift in Sources */,
				9F477C0C27BA5CF800DAE295 /* MoviesApp.swift in Sources */,
				9FB3BA1827BAAF58002CD259 /* MoviesScreenViewModel.swift in Sources */,
				6B1663B636CB0578C44F6BA3 /* DIContainer.swift in Sources */,
				6B166E0C17D08C06C42980A6 /* Movie.swift in Sources */,
				6B1665D6A3F9CE79C09D1222 /* AsnycImageView.swift in Sources */,
				6B166B1D607F419FE48B8740 /* MovieListItemView.swift in Sources */,
				6B166125937CFC4B32DBED63 /* WebServiceProtocol.swift in Sources */,
				6B1660D2B114FF39F5C62D59 /* MovieWeb.swift in Sources */,
				6B1668A07672442A6A53BFB2 /* Genre.swift in Sources */,
				6B166C28439DD9BB7A8A0945 /* APIkey.swift in Sources */,
				6B16663D7C3D391C2D7DD5F3 /* WebService.swift in Sources */,
				6B16631835B425C2B2272DDD /* CancelBag.swift in Sources */,
				6B166BC225F2E549865D3D22 /* MemoryStore.swift in Sources */,
				6B1662BF8C903290102C6D13 /* MoviesMemoryDAO.swift in Sources */,
				6B1668A3F3EA6AE352600F68 /* MoviesRepository.swift in Sources */,
				6B166EA6C5F479EEB27B83B6 /* MoviesWebServiceDAO.swift in Sources */,
				6B1661A4EF4BED9F91EE9630 /* MoviesWebProtocol.swift in Sources */,
				6B166E728AA4AC49F27A75C7 /* MoviesRepositoryProtocol.swift in Sources */,
				6B166E2E4546A439E9983D33 /* MoviesMemoryProtocol.swift in Sources */,
				6B166A85346882AF6442DF58 /* WebRequest.swift in Sources */,
				6B166C97B0AADA71FBBA491F /* Image.swift in Sources */,
				6B1661833316167F4B97D725 /* PopularMovieWebResponse.swift in Sources */,
				6B1663CF1A3FB52AA7C056B4 /* GenresResponse.swift in Sources */,
				6B166D0AC4D66F3D24BC5622 /* DIContainerProtocol.swift in Sources */,
			);
			runOnlyForDeploymentPostprocessing = 0;
		};
/* End PBXSourcesBuildPhase section */

/* Begin XCBuildConfiguration section */
		9F477C1427BA5CF900DAE295 /* Debug */ = {
			isa = XCBuildConfiguration;
			buildSettings = {
				ALWAYS_SEARCH_USER_PATHS = NO;
				CLANG_ANALYZER_NONNULL = YES;
				CLANG_ANALYZER_NUMBER_OBJECT_CONVERSION = YES_AGGRESSIVE;
				CLANG_CXX_LANGUAGE_STANDARD = "gnu++17";
				CLANG_CXX_LIBRARY = "libc++";
				CLANG_ENABLE_MODULES = YES;
				CLANG_ENABLE_OBJC_ARC = YES;
				CLANG_ENABLE_OBJC_WEAK = YES;
				CLANG_WARN_BLOCK_CAPTURE_AUTORELEASING = YES;
				CLANG_WARN_BOOL_CONVERSION = YES;
				CLANG_WARN_COMMA = YES;
				CLANG_WARN_CONSTANT_CONVERSION = YES;
				CLANG_WARN_DEPRECATED_OBJC_IMPLEMENTATIONS = YES;
				CLANG_WARN_DIRECT_OBJC_ISA_USAGE = YES_ERROR;
				CLANG_WARN_DOCUMENTATION_COMMENTS = YES;
				CLANG_WARN_EMPTY_BODY = YES;
				CLANG_WARN_ENUM_CONVERSION = YES;
				CLANG_WARN_INFINITE_RECURSION = YES;
				CLANG_WARN_INT_CONVERSION = YES;
				CLANG_WARN_NON_LITERAL_NULL_CONVERSION = YES;
				CLANG_WARN_OBJC_IMPLICIT_RETAIN_SELF = YES;
				CLANG_WARN_OBJC_LITERAL_CONVERSION = YES;
				CLANG_WARN_OBJC_ROOT_CLASS = YES_ERROR;
				CLANG_WARN_QUOTED_INCLUDE_IN_FRAMEWORK_HEADER = YES;
				CLANG_WARN_RANGE_LOOP_ANALYSIS = YES;
				CLANG_WARN_STRICT_PROTOTYPES = YES;
				CLANG_WARN_SUSPICIOUS_MOVE = YES;
				CLANG_WARN_UNGUARDED_AVAILABILITY = YES_AGGRESSIVE;
				CLANG_WARN_UNREACHABLE_CODE = YES;
				CLANG_WARN__DUPLICATE_METHOD_MATCH = YES;
				COPY_PHASE_STRIP = NO;
				DEBUG_INFORMATION_FORMAT = dwarf;
				ENABLE_STRICT_OBJC_MSGSEND = YES;
				ENABLE_TESTABILITY = YES;
				GCC_C_LANGUAGE_STANDARD = gnu11;
				GCC_DYNAMIC_NO_PIC = NO;
				GCC_NO_COMMON_BLOCKS = YES;
				GCC_OPTIMIZATION_LEVEL = 0;
				GCC_PREPROCESSOR_DEFINITIONS = (
					"DEBUG=1",
					"$(inherited)",
				);
				GCC_WARN_64_TO_32_BIT_CONVERSION = YES;
				GCC_WARN_ABOUT_RETURN_TYPE = YES_ERROR;
				GCC_WARN_UNDECLARED_SELECTOR = YES;
				GCC_WARN_UNINITIALIZED_AUTOS = YES_AGGRESSIVE;
				GCC_WARN_UNUSED_FUNCTION = YES;
				GCC_WARN_UNUSED_VARIABLE = YES;
				IPHONEOS_DEPLOYMENT_TARGET = 15.2;
				MTL_ENABLE_DEBUG_INFO = INCLUDE_SOURCE;
				MTL_FAST_MATH = YES;
				ONLY_ACTIVE_ARCH = YES;
				SDKROOT = iphoneos;
				SWIFT_ACTIVE_COMPILATION_CONDITIONS = DEBUG;
				SWIFT_OPTIMIZATION_LEVEL = "-Onone";
			};
			name = Debug;
		};
		9F477C1527BA5CF900DAE295 /* Release */ = {
			isa = XCBuildConfiguration;
			buildSettings = {
				ALWAYS_SEARCH_USER_PATHS = NO;
				CLANG_ANALYZER_NONNULL = YES;
				CLANG_ANALYZER_NUMBER_OBJECT_CONVERSION = YES_AGGRESSIVE;
				CLANG_CXX_LANGUAGE_STANDARD = "gnu++17";
				CLANG_CXX_LIBRARY = "libc++";
				CLANG_ENABLE_MODULES = YES;
				CLANG_ENABLE_OBJC_ARC = YES;
				CLANG_ENABLE_OBJC_WEAK = YES;
				CLANG_WARN_BLOCK_CAPTURE_AUTORELEASING = YES;
				CLANG_WARN_BOOL_CONVERSION = YES;
				CLANG_WARN_COMMA = YES;
				CLANG_WARN_CONSTANT_CONVERSION = YES;
				CLANG_WARN_DEPRECATED_OBJC_IMPLEMENTATIONS = YES;
				CLANG_WARN_DIRECT_OBJC_ISA_USAGE = YES_ERROR;
				CLANG_WARN_DOCUMENTATION_COMMENTS = YES;
				CLANG_WARN_EMPTY_BODY = YES;
				CLANG_WARN_ENUM_CONVERSION = YES;
				CLANG_WARN_INFINITE_RECURSION = YES;
				CLANG_WARN_INT_CONVERSION = YES;
				CLANG_WARN_NON_LITERAL_NULL_CONVERSION = YES;
				CLANG_WARN_OBJC_IMPLICIT_RETAIN_SELF = YES;
				CLANG_WARN_OBJC_LITERAL_CONVERSION = YES;
				CLANG_WARN_OBJC_ROOT_CLASS = YES_ERROR;
				CLANG_WARN_QUOTED_INCLUDE_IN_FRAMEWORK_HEADER = YES;
				CLANG_WARN_RANGE_LOOP_ANALYSIS = YES;
				CLANG_WARN_STRICT_PROTOTYPES = YES;
				CLANG_WARN_SUSPICIOUS_MOVE = YES;
				CLANG_WARN_UNGUARDED_AVAILABILITY = YES_AGGRESSIVE;
				CLANG_WARN_UNREACHABLE_CODE = YES;
				CLANG_WARN__DUPLICATE_METHOD_MATCH = YES;
				COPY_PHASE_STRIP = NO;
				DEBUG_INFORMATION_FORMAT = "dwarf-with-dsym";
				ENABLE_NS_ASSERTIONS = NO;
				ENABLE_STRICT_OBJC_MSGSEND = YES;
				GCC_C_LANGUAGE_STANDARD = gnu11;
				GCC_NO_COMMON_BLOCKS = YES;
				GCC_WARN_64_TO_32_BIT_CONVERSION = YES;
				GCC_WARN_ABOUT_RETURN_TYPE = YES_ERROR;
				GCC_WARN_UNDECLARED_SELECTOR = YES;
				GCC_WARN_UNINITIALIZED_AUTOS = YES_AGGRESSIVE;
				GCC_WARN_UNUSED_FUNCTION = YES;
				GCC_WARN_UNUSED_VARIABLE = YES;
				IPHONEOS_DEPLOYMENT_TARGET = 15.2;
				MTL_ENABLE_DEBUG_INFO = NO;
				MTL_FAST_MATH = YES;
				SDKROOT = iphoneos;
				SWIFT_COMPILATION_MODE = wholemodule;
				SWIFT_OPTIMIZATION_LEVEL = "-O";
				VALIDATE_PRODUCT = YES;
			};
			name = Release;
		};
		9F477C1727BA5CF900DAE295 /* Debug */ = {
			isa = XCBuildConfiguration;
			buildSettings = {
				ASSETCATALOG_COMPILER_APPICON_NAME = AppIcon;
				ASSETCATALOG_COMPILER_GLOBAL_ACCENT_COLOR_NAME = AccentColor;
				CODE_SIGN_STYLE = Automatic;
				CURRENT_PROJECT_VERSION = 1;
				DEVELOPMENT_ASSET_PATHS = "\"Movies/Preview Content\"";
				ENABLE_PREVIEWS = YES;
				GENERATE_INFOPLIST_FILE = YES;
				INFOPLIST_KEY_UIApplicationSceneManifest_Generation = YES;
				INFOPLIST_KEY_UIApplicationSupportsIndirectInputEvents = YES;
				INFOPLIST_KEY_UILaunchScreen_Generation = YES;
				INFOPLIST_KEY_UISupportedInterfaceOrientations_iPad = "UIInterfaceOrientationPortrait UIInterfaceOrientationPortraitUpsideDown UIInterfaceOrientationLandscapeLeft UIInterfaceOrientationLandscapeRight";
				INFOPLIST_KEY_UISupportedInterfaceOrientations_iPhone = "UIInterfaceOrientationPortrait UIInterfaceOrientationLandscapeLeft UIInterfaceOrientationLandscapeRight";
				LD_RUNPATH_SEARCH_PATHS = (
					"$(inherited)",
					"@executable_path/Frameworks",
				);
				MARKETING_VERSION = 1.0;
				PRODUCT_BUNDLE_IDENTIFIER = com.foundation.test.Movies;
				PRODUCT_NAME = "$(TARGET_NAME)";
				SWIFT_EMIT_LOC_STRINGS = YES;
				SWIFT_VERSION = 5.0;
				TARGETED_DEVICE_FAMILY = "1,2";
			};
			name = Debug;
		};
		9F477C1827BA5CF900DAE295 /* Release */ = {
			isa = XCBuildConfiguration;
			buildSettings = {
				ASSETCATALOG_COMPILER_APPICON_NAME = AppIcon;
				ASSETCATALOG_COMPILER_GLOBAL_ACCENT_COLOR_NAME = AccentColor;
				CODE_SIGN_STYLE = Automatic;
				CURRENT_PROJECT_VERSION = 1;
				DEVELOPMENT_ASSET_PATHS = "\"Movies/Preview Content\"";
				ENABLE_PREVIEWS = YES;
				GENERATE_INFOPLIST_FILE = YES;
				INFOPLIST_KEY_UIApplicationSceneManifest_Generation = YES;
				INFOPLIST_KEY_UIApplicationSupportsIndirectInputEvents = YES;
				INFOPLIST_KEY_UILaunchScreen_Generation = YES;
				INFOPLIST_KEY_UISupportedInterfaceOrientations_iPad = "UIInterfaceOrientationPortrait UIInterfaceOrientationPortraitUpsideDown UIInterfaceOrientationLandscapeLeft UIInterfaceOrientationLandscapeRight";
				INFOPLIST_KEY_UISupportedInterfaceOrientations_iPhone = "UIInterfaceOrientationPortrait UIInterfaceOrientationLandscapeLeft UIInterfaceOrientationLandscapeRight";
				LD_RUNPATH_SEARCH_PATHS = (
					"$(inherited)",
					"@executable_path/Frameworks",
				);
				MARKETING_VERSION = 1.0;
				PRODUCT_BUNDLE_IDENTIFIER = com.foundation.test.Movies;
				PRODUCT_NAME = "$(TARGET_NAME)";
				SWIFT_EMIT_LOC_STRINGS = YES;
				SWIFT_VERSION = 5.0;
				TARGETED_DEVICE_FAMILY = "1,2";
			};
			name = Release;
		};
/* End XCBuildConfiguration section */

/* Begin XCConfigurationList section */
		9F477C0327BA5CF800DAE295 /* Build configuration list for PBXProject "Movies" */ = {
			isa = XCConfigurationList;
			buildConfigurations = (
				9F477C1427BA5CF900DAE295 /* Debug */,
				9F477C1527BA5CF900DAE295 /* Release */,
			);
			defaultConfigurationIsVisible = 0;
			defaultConfigurationName = Release;
		};
		9F477C1627BA5CF900DAE295 /* Build configuration list for PBXNativeTarget "Movies" */ = {
			isa = XCConfigurationList;
			buildConfigurations = (
				9F477C1727BA5CF900DAE295 /* Debug */,
				9F477C1827BA5CF900DAE295 /* Release */,
			);
			defaultConfigurationIsVisible = 0;
			defaultConfigurationName = Release;
		};
/* End XCConfigurationList section */

/* Begin XCRemoteSwiftPackageReference section */
		15CC93F8285A58F90046F6C6 /* XCRemoteSwiftPackageReference "Alamofire" */ = {
			isa = XCRemoteSwiftPackageReference;
			repositoryURL = "https://github.com/Alamofire/Alamofire.git";
			requirement = {
				kind = upToNextMajorVersion;
				minimumVersion = 5.6.1;
			};
		};
/* End XCRemoteSwiftPackageReference section */

/* Begin XCSwiftPackageProductDependency section */
		15CC93F9285A58F90046F6C6 /* Alamofire */ = {
			isa = XCSwiftPackageProductDependency;
			package = 15CC93F8285A58F90046F6C6 /* XCRemoteSwiftPackageReference "Alamofire" */;
			productName = Alamofire;
		};
/* End XCSwiftPackageProductDependency section */
	};
	rootObject = 9F477C0027BA5CF800DAE295 /* Project object */;
}
